
Microsoft Visual Studio Solution File, Format Version 12.00
# Visual Studio Version 16
VisualStudioVersion = 16.0.30611.23
MinimumVisualStudioVersion = 10.0.40219.1
Project("{9A19103F-16F7-4668-BE54-9A1E7A4F7556}") = "DBSBankAPIs", "DBSBankAPIs\DBSBankAPIs.csproj", "{9655BF67-7F54-495B-972B-D12F982E7058}"
EndProject
Project("{9A19103F-16F7-4668-BE54-9A1E7A4F7556}") = "DBSBankManager", "DBSBankManager\DBSBankManager.csproj", "{4E374068-E479-4CCB-AA6B-3E33688429DD}"
EndProject
Project("{9A19103F-16F7-4668-BE54-9A1E7A4F7556}") = "DBSBankComman", "DBSBankComman\DBSBankComman.csproj", "{7211E069-059D-42EE-8CE6-A623E42781F1}"
EndProject
Project("{9A19103F-16F7-4668-BE54-9A1E7A4F7556}") = "DBSBankRepo", "DBSBankRepo\DBSBankRepo.csproj", "{61B888B3-D164-4402-B695-5544108FCF6E}"
EndProject
Project("{FAE04EC0-301F-11D3-BF4B-00C04F79EFBC}") = "ApiCalls", "ApiCalls\ApiCalls.csproj", "{2F297308-BBC4-4558-AF81-C1F3F208CEEE}"
EndProject
Global
	GlobalSection(SolutionConfigurationPlatforms) = preSolution
		Debug|Any CPU = Debug|Any CPU
		Release|Any CPU = Release|Any CPU
	EndGlobalSection
	GlobalSection(ProjectConfigurationPlatforms) = postSolution
		{9655BF67-7F54-495B-972B-D12F982E7058}.Debug|Any CPU.ActiveCfg = Debug|Any CPU
		{9655BF67-7F54-495B-972B-D12F982E7058}.Debug|Any CPU.Build.0 = Debug|Any CPU
		{9655BF67-7F54-495B-972B-D12F982E7058}.Release|Any CPU.ActiveCfg = Release|Any CPU
		{9655BF67-7F54-495B-972B-D12F982E7058}.Release|Any CPU.Build.0 = Release|Any CPU
		{4E374068-E479-4CCB-AA6B-3E33688429DD}.Debug|Any CPU.ActiveCfg = Debug|Any CPU
		{4E374068-E479-4CCB-AA6B-3E33688429DD}.Debug|Any CPU.Build.0 = Debug|Any CPU
		{4E374068-E479-4CCB-AA6B-3E33688429DD}.Release|Any CPU.ActiveCfg = Release|Any CPU
		{4E374068-E479-4CCB-AA6B-3E33688429DD}.Release|Any CPU.Build.0 = Release|Any CPU
		{7211E069-059D-42EE-8CE6-A623E42781F1}.Debug|Any CPU.ActiveCfg = Debug|Any CPU
		{7211E069-059D-42EE-8CE6-A623E42781F1}.Debug|Any CPU.Build.0 = Debug|Any CPU
		{7211E069-059D-42EE-8CE6-A623E42781F1}.Release|Any CPU.ActiveCfg = Release|Any CPU
		{7211E069-059D-42EE-8CE6-A623E42781F1}.Release|Any CPU.Build.0 = Release|Any CPU
		{61B888B3-D164-4402-B695-5544108FCF6E}.Debug|Any CPU.ActiveCfg = Debug|Any CPU
		{61B888B3-D164-4402-B695-5544108FCF6E}.Debug|Any CPU.Build.0 = Debug|Any CPU
		{61B888B3-D164-4402-B695-5544108FCF6E}.Release|Any CPU.ActiveCfg = Release|Any CPU
		{61B888B3-D164-4402-B695-5544108FCF6E}.Release|Any CPU.Build.0 = Release|Any CPU
		{2F297308-BBC4-4558-AF81-C1F3F208CEEE}.Debug|Any CPU.ActiveCfg = Debug|Any CPU
		{2F297308-BBC4-4558-AF81-C1F3F208CEEE}.Debug|Any CPU.Build.0 = Debug|Any CPU
		{2F297308-BBC4-4558-AF81-C1F3F208CEEE}.Release|Any CPU.ActiveCfg = Release|Any CPU
		{2F297308-BBC4-4558-AF81-C1F3F208CEEE}.Release|Any CPU.Build.0 = Release|Any CPU
	EndGlobalSection
	GlobalSection(SolutionProperties) = preSolution
		HideSolutionNode = FALSE
	EndGlobalSection
	GlobalSection(ExtensibilityGlobals) = postSolution
		SolutionGuid = {8522C6C1-2CFA-476C-9EFC-C25076F2A1E0}
	EndGlobalSection
EndGlobal
